{
  "name": "cd-3.0",
  "version": "1.0.0",
  "lockfileVersion": 2,
  "requires": true,
  "packages": {
    "": {
      "name": "cd-3.0",
      "version": "1.0.0",
      "license": "ISC",
      "dependencies": {
        "csv": "^6.0.5"
      },
      "devDependencies": {
        "@playwright/test": "^1.22.2",
        "expect-playwright": "^0.8.0",
        "playwright": "^1.20.1",
        "typescript": "^4.6.2"
      }
    },
    "node_modules/@playwright/test": {
      "version": "1.22.2",
      "resolved": "https://registry.npmjs.org/@playwright/test/-/test-1.22.2.tgz",
      "integrity": "sha512-cCl96BEBGPtptFz7C2FOSN3PrTnJ3rPpENe+gYCMx4GNNDlN4tmo2D89y13feGKTMMAIVrXfSQ/UmaQKLy1XLA==",
      "dev": true,
      "dependencies": {
        "@types/node": "*",
        "playwright-core": "1.22.2"
      },
      "bin": {
        "playwright": "cli.js"
      },
      "engines": {
        "node": ">=14"
      }
    },
    "node_modules/@playwright/test/node_modules/playwright-core": {
      "version": "1.22.2",
      "resolved": "https://registry.npmjs.org/playwright-core/-/playwright-core-1.22.2.tgz",
      "integrity": "sha512-w/hc/Ld0RM4pmsNeE6aL/fPNWw8BWit2tg+TfqJ3+p59c6s3B6C8mXvXrIPmfQEobkcFDc+4KirNzOQ+uBSP1Q==",
      "dev": true,
      "bin": {
        "playwright": "cli.js"
      },
      "engines": {
        "node": ">=14"
      }
    },
    "node_modules/@types/node": {
      "version": "17.0.36",
      "resolved": "https://registry.npmjs.org/@types/node/-/node-17.0.36.tgz",
      "integrity": "sha512-V3orv+ggDsWVHP99K3JlwtH20R7J4IhI1Kksgc+64q5VxgfRkQG8Ws3MFm/FZOKDYGy9feGFlZ70/HpCNe9QaA==",
      "dev": true
    },
    "node_modules/csv": {
      "version": "6.1.0",
      "resolved": "https://registry.npmjs.org/csv/-/csv-6.1.0.tgz",
      "integrity": "sha512-kvd8YWk7emi/0fXhuv+IKaanNFhPi5Up1wT4ZGVUu39bd9lRWpxQu1F7eaRfxTEc9mGxeMWIzEilKKrL0MoEnQ==",
      "dependencies": {
        "csv-generate": "^4.1.0",
        "csv-parse": "^5.1.0",
        "csv-stringify": "^6.1.0",
        "stream-transform": "^3.1.0"
      },
      "engines": {
        "node": ">= 0.1.90"
      }
    },
    "node_modules/csv-generate": {
      "version": "4.1.0",
      "resolved": "https://registry.npmjs.org/csv-generate/-/csv-generate-4.1.0.tgz",
      "integrity": "sha512-Z17wI0xmDfpwzB7lShyK7INBt0YMyh5kV7svWTwsBSOa30T6Lq1fHHasmSCtf2rRTI7GnTk52HQRYBk0ToAXQQ=="
    },
    "node_modules/csv-parse": {
      "version": "5.1.0",
      "resolved": "https://registry.npmjs.org/csv-parse/-/csv-parse-5.1.0.tgz",
      "integrity": "sha512-JL+Q6YEikT2uoe57InjFFa6VejhSv0tDwOxeQ1bVQKeUC/NCnLAAZ8n3PzowPQQLuZ37fysDYZipB2UJkH9C6A=="
    },
    "node_modules/csv-stringify": {
      "version": "6.1.0",
      "resolved": "https://registry.npmjs.org/csv-stringify/-/csv-stringify-6.1.0.tgz",
      "integrity": "sha512-rdBqiy77TczvhGlpLHyoph2adMs6WMnmQY4PBRqeIWykI1FLnVCppnRdso8faGj2+eN7izk9YlbFyZkOrL9rAQ=="
    },
    "node_modules/expect-playwright": {
      "version": "0.8.0",
      "resolved": "https://registry.npmjs.org/expect-playwright/-/expect-playwright-0.8.0.tgz",
      "integrity": "sha512-+kn8561vHAY+dt+0gMqqj1oY+g5xWrsuGMk4QGxotT2WS545nVqqjs37z6hrYfIuucwqthzwJfCJUEYqixyljg==",
      "dev": true
    },
    "node_modules/playwright": {
      "version": "1.22.2",
      "resolved": "https://registry.npmjs.org/playwright/-/playwright-1.22.2.tgz",
      "integrity": "sha512-hUTpg7LytIl3/O4t0AQJS1V6hWsaSY5uZ7w1oCC8r3a1AQN5d6otIdCkiB3cbzgQkcMaRxisinjMFMVqZkybdQ==",
      "dev": true,
      "hasInstallScript": true,
      "dependencies": {
        "playwright-core": "1.22.2"
      },
      "bin": {
        "playwright": "cli.js"
      },
      "engines": {
        "node": ">=14"
      }
    },
    "node_modules/playwright/node_modules/playwright-core": {
      "version": "1.22.2",
      "resolved": "https://registry.npmjs.org/playwright-core/-/playwright-core-1.22.2.tgz",
      "integrity": "sha512-w/hc/Ld0RM4pmsNeE6aL/fPNWw8BWit2tg+TfqJ3+p59c6s3B6C8mXvXrIPmfQEobkcFDc+4KirNzOQ+uBSP1Q==",
      "dev": true,
      "bin": {
        "playwright": "cli.js"
      },
      "engines": {
        "node": ">=14"
      }
    },
    "node_modules/stream-transform": {
      "version": "3.1.0",
      "resolved": "https://registry.npmjs.org/stream-transform/-/stream-transform-3.1.0.tgz",
      "integrity": "sha512-ncT/rST/M2N2zGLacJmeB7TNq/XS8Ck0xqvhYX6bgLwSPTSZLVFCSvNnwTU+RYhk9fAfwzCkYH9I5kdgcDMvfw=="
    },
    "node_modules/typescript": {
      "version": "4.7.2",
      "resolved": "https://registry.npmjs.org/typescript/-/typescript-4.7.2.tgz",
      "integrity": "sha512-Mamb1iX2FDUpcTRzltPxgWMKy3fhg0TN378ylbktPGPK/99KbDtMQ4W1hwgsbPAsG3a0xKa1vmw4VKZQbkvz5A==",
      "dev": true,
      "bin": {
        "tsc": "bin/tsc",
        "tsserver": "bin/tsserver"
      },
      "engines": {
        "node": ">=4.2.0"
      }
    }
  },
  "dependencies": {
    "@playwright/test": {
      "version": "1.22.2",
      "resolved": "https://registry.npmjs.org/@playwright/test/-/test-1.22.2.tgz",
      "integrity": "sha512-cCl96BEBGPtptFz7C2FOSN3PrTnJ3rPpENe+gYCMx4GNNDlN4tmo2D89y13feGKTMMAIVrXfSQ/UmaQKLy1XLA==",
      "dev": true,
      "requires": {
        "@types/node": "*",
        "playwright-core": "1.22.2"
      },
      "dependencies": {
        "playwright-core": {
          "version": "1.22.2",
          "resolved": "https://registry.npmjs.org/playwright-core/-/playwright-core-1.22.2.tgz",
          "integrity": "sha512-w/hc/Ld0RM4pmsNeE6aL/fPNWw8BWit2tg+TfqJ3+p59c6s3B6C8mXvXrIPmfQEobkcFDc+4KirNzOQ+uBSP1Q==",
          "dev": true
        }
      }
    },
    "@types/node": {
      "version": "17.0.36",
      "resolved": "https://registry.npmjs.org/@types/node/-/node-17.0.36.tgz",
      "integrity": "sha512-V3orv+ggDsWVHP99K3JlwtH20R7J4IhI1Kksgc+64q5VxgfRkQG8Ws3MFm/FZOKDYGy9feGFlZ70/HpCNe9QaA==",
      "dev": true
    },
    "csv": {
      "version": "6.1.0",
      "resolved": "https://registry.npmjs.org/csv/-/csv-6.1.0.tgz",
      "integrity": "sha512-kvd8YWk7emi/0fXhuv+IKaanNFhPi5Up1wT4ZGVUu39bd9lRWpxQu1F7eaRfxTEc9mGxeMWIzEilKKrL0MoEnQ==",
      "requires": {
        "csv-generate": "^4.1.0",
        "csv-parse": "^5.1.0",
        "csv-stringify": "^6.1.0",
        "stream-transform": "^3.1.0"
      }
    },
    "csv-generate": {
      "version": "4.1.0",
      "resolved": "https://registry.npmjs.org/csv-generate/-/csv-generate-4.1.0.tgz",
      "integrity": "sha512-Z17wI0xmDfpwzB7lShyK7INBt0YMyh5kV7svWTwsBSOa30T6Lq1fHHasmSCtf2rRTI7GnTk52HQRYBk0ToAXQQ=="
    },
    "csv-parse": {
      "version": "5.1.0",
      "resolved": "https://registry.npmjs.org/csv-parse/-/csv-parse-5.1.0.tgz",
      "integrity": "sha512-JL+Q6YEikT2uoe57InjFFa6VejhSv0tDwOxeQ1bVQKeUC/NCnLAAZ8n3PzowPQQLuZ37fysDYZipB2UJkH9C6A=="
    },
    "csv-stringify": {
      "version": "6.1.0",
      "resolved": "https://registry.npmjs.org/csv-stringify/-/csv-stringify-6.1.0.tgz",
      "integrity": "sha512-rdBqiy77TczvhGlpLHyoph2adMs6WMnmQY4PBRqeIWykI1FLnVCppnRdso8faGj2+eN7izk9YlbFyZkOrL9rAQ=="
    },
    "expect-playwright": {
      "version": "0.8.0",
      "resolved": "https://registry.npmjs.org/expect-playwright/-/expect-playwright-0.8.0.tgz",
      "integrity": "sha512-+kn8561vHAY+dt+0gMqqj1oY+g5xWrsuGMk4QGxotT2WS545nVqqjs37z6hrYfIuucwqthzwJfCJUEYqixyljg==",
      "dev": true
    },
    "playwright": {
      "version": "1.22.2",
      "resolved": "https://registry.npmjs.org/playwright/-/playwright-1.22.2.tgz",
      "integrity": "sha512-hUTpg7LytIl3/O4t0AQJS1V6hWsaSY5uZ7w1oCC8r3a1AQN5d6otIdCkiB3cbzgQkcMaRxisinjMFMVqZkybdQ==",
      "dev": true,
      "requires": {
        "playwright-core": "1.22.2"
      },
      "dependencies": {
        "playwright-core": {
          "version": "1.22.2",
          "resolved": "https://registry.npmjs.org/playwright-core/-/playwright-core-1.22.2.tgz",
          "integrity": "sha512-w/hc/Ld0RM4pmsNeE6aL/fPNWw8BWit2tg+TfqJ3+p59c6s3B6C8mXvXrIPmfQEobkcFDc+4KirNzOQ+uBSP1Q==",
          "dev": true
        }
      }
    },
    "stream-transform": {
      "version": "3.1.0",
      "resolved": "https://registry.npmjs.org/stream-transform/-/stream-transform-3.1.0.tgz",
      "integrity": "sha512-ncT/rST/M2N2zGLacJmeB7TNq/XS8Ck0xqvhYX6bgLwSPTSZLVFCSvNnwTU+RYhk9fAfwzCkYH9I5kdgcDMvfw=="
    },
    "typescript": {
      "version": "4.7.2",
      "resolved": "https://registry.npmjs.org/typescript/-/typescript-4.7.2.tgz",
      "integrity": "sha512-Mamb1iX2FDUpcTRzltPxgWMKy3fhg0TN378ylbktPGPK/99KbDtMQ4W1hwgsbPAsG3a0xKa1vmw4VKZQbkvz5A==",
      "dev": true
    }
  }
}
